{
  "version": 4,
  "terraform_version": "1.13.2",
  "serial": 25,
  "lineage": "474f383a-3bf4-6f4e-6663-6685266e1682",
  "outputs": {
    "cluster_info": {
      "value": {
        "cluster_name": "eksDeepDiveFrankfurt",
        "endpoint": "https://00C95B0CDA230247FB71393CFA7CD057.gr7.eu-central-1.eks.amazonaws.com",
        "status": "ACTIVE",
        "version": "1.32"
      },
      "type": [
        "object",
        {
          "cluster_name": "string",
          "endpoint": "string",
          "status": "string",
          "version": "string"
        }
      ]
    },
    "nodegroup_info": {
      "value": {
        "arn": "arn:aws:eks:eu-central-1:325583868777:nodegroup/eksDeepDiveFrankfurt/lmf-hcmr-node-group/c0ccfa4f-0e75-1f65-8dd5-3fea08aabb96",
        "capacity_type": "ON_DEMAND",
        "nodegroup_name": "lmf-hcmr-node-group",
        "status": "ACTIVE"
      },
      "type": [
        "object",
        {
          "arn": "string",
          "capacity_type": "string",
          "nodegroup_name": "string",
          "status": "string"
        }
      ]
    },
    "service_info": {
      "value": {
        "service_name": "todo-list-service",
        "service_type": "LoadBalancer"
      },
      "type": [
        "object",
        {
          "service_name": "string",
          "service_type": "string"
        }
      ]
    },
    "vpc_info": {
      "value": {
        "cidr_block": "172.31.0.0/16",
        "vpc_id": "vpc-6412160f"
      },
      "type": [
        "object",
        {
          "cidr_block": "string",
          "vpc_id": "string"
        }
      ]
    }
  },
  "resources": [
    {
      "mode": "data",
      "type": "aws_eks_cluster",
      "name": "eks_cluster",
      "provider": "provider[\"registry.terraform.io/hashicorp/aws\"]",
      "instances": [
        {
          "schema_version": 0,
          "attributes": {
            "access_config": [
              {
                "authentication_mode": "CONFIG_MAP",
                "bootstrap_cluster_creator_admin_permissions": true
              }
            ],
            "arn": "arn:aws:eks:eu-central-1:325583868777:cluster/eksDeepDiveFrankfurt",
            "certificate_authority": [
              {
                "data": "LS0tLS1CRUdJTiBDRVJUSUZJQ0FURS0tLS0tCk1JSURCVENDQWUyZ0F3SUJBZ0lJWTRCRmFPZ3p2Ymt3RFFZSktvWklodmNOQVFFTEJRQXdGVEVUTUJFR0ExVUUKQXhNS2EzVmlaWEp1WlhSbGN6QWVGdzB5TlRFd01UTXdNREV4TkRkYUZ3MHpOVEV3TVRFd01ERTJORGRhTUJVeApFekFSQmdOVkJBTVRDbXQxWW1WeWJtVjBaWE13Z2dFaU1BMEdDU3FHU0liM0RRRUJBUVVBQTRJQkR3QXdnZ0VLCkFvSUJBUURZVXY2c3phMU9rMDJOYlFub3JQV0h2OWw2OEd1VHU1eDhvUnYweXJRQmRRTVB2RkI5cXl1bmhSWmcKOERPQ2lZNGlxbEhtK2Z6QVhQZlljRVcxYmVJWVhJYmNNZ1hKZDZDVzg1eUtMc3hDdnRPL1piQ3pWWkZ2cyt4VgpqZ1EzekxnMWlQZTBscHg4VkN4bUZ2UDkyZ3lZRGV6NEE2bGZDYk5mRGR6OVUydk9LVS81S0FVa1BqNCtZdTU5CkMzZzhla2RpTnhSVnV3bXJ3MlltaEZZOWpMNGkrc2lGR3E1eHpYRWQ0eHpHNjA3K3VML1Yyenk2eW9YeDhueCsKTzUvQVE2Wk5Hc3Z6Ly9NN2ZVcStTdDhIWFNkREhtVEEwY0ZoaUtCNytSMUttaTlpSGV6S3lRKzdnRWdSTFBUdApJSFlPdmVxbkppYTRxb1ludFVWcHB3Slc2SW9aQWdNQkFBR2pXVEJYTUE0R0ExVWREd0VCL3dRRUF3SUNwREFQCkJnTlZIUk1CQWY4RUJUQURBUUgvTUIwR0ExVWREZ1FXQkJUM01ZTURScEV1K1B6U29oT1dScGF4bVZlbzdqQVYKQmdOVkhSRUVEakFNZ2dwcmRXSmxjbTVsZEdWek1BMEdDU3FHU0liM0RRRUJDd1VBQTRJQkFRQzhYaUhnVi8zTApRek83VlhqckVleG5yNmhaRzZ6QUgycWo4aUxieFZBSElmcnZVcEJZb3N0OWV6eVoxUkpzUFZSQ0w2MHU4YVRMCkd4Y2EwdVFvK1ZNSEZlRjlEdFNac3RKdW5ldHJ0VlNlaFdMVHZUc1JCb0VWK0V4eEJ3S0ZjdWFlb3ZFQmlBaW4KeDRyalVwWHF3VU9wRE9VYWdjMXNLb2g4c3J0dmxxamYrM1dEL2wrVTdvcG1uNWw3VDBCTEpPcy9lTGdxakw0cQpMWFE4NkNDdUcxT0p3THkwTGpmU3ZOR1JscDZkblNZZURsdHNKQzJkSjBpdUtWYmRhM2E3MXFWYVpFWTZEcFgvCnpCa3RSbko5SHlVUWRtUDIvT0JVakFtN2swMjVkL3BEWi9wYk9LSDJIaVFHUFFRajhCOEF2WHBFNWt5VEQ4cXIKMTA3TndFNWk3ZTRjCi0tLS0tRU5EIENFUlRJRklDQVRFLS0tLS0K"
              }
            ],
            "cluster_id": null,
            "compute_config": [
              {
                "enabled": false,
                "node_pools": [],
                "node_role_arn": ""
              }
            ],
            "created_at": "2025-10-13T00:11:06Z",
            "enabled_cluster_log_types": [],
            "endpoint": "https://00C95B0CDA230247FB71393CFA7CD057.gr7.eu-central-1.eks.amazonaws.com",
            "id": "eksDeepDiveFrankfurt",
            "identity": [
              {
                "oidc": [
                  {
                    "issuer": "https://oidc.eks.eu-central-1.amazonaws.com/id/00C95B0CDA230247FB71393CFA7CD057"
                  }
                ]
              }
            ],
            "kubernetes_network_config": [
              {
                "elastic_load_balancing": [
                  {
                    "enabled": false
                  }
                ],
                "ip_family": "ipv4",
                "service_ipv4_cidr": "10.100.0.0/16",
                "service_ipv6_cidr": ""
              }
            ],
            "name": "eksDeepDiveFrankfurt",
            "outpost_config": [],
            "platform_version": "eks.23",
            "remote_network_config": [],
            "role_arn": "arn:aws:iam::325583868777:role/role-for-eksDeepDiveFrankfurt-eks-cluster",
            "status": "ACTIVE",
            "storage_config": [
              {
                "block_storage": [
                  {
                    "enabled": false
                  }
                ]
              }
            ],
            "tags": {
              "Name": "eksDeepDiveFrankfurt",
              "Terraform": "true",
              "component": "cluster",
              "env": "labs",
              "part-of": "eksDeepDiveFrankfurt",
              "project": "cesar-asn"
            },
            "upgrade_policy": [
              {
                "support_type": "EXTENDED"
              }
            ],
            "version": "1.32",
            "vpc_config": [
              {
                "cluster_security_group_id": "sg-0698f55cc72173814",
                "endpoint_private_access": false,
                "endpoint_public_access": true,
                "public_access_cidrs": [
                  "0.0.0.0/0"
                ],
                "security_group_ids": [],
                "subnet_ids": [
                  "subnet-556d813f",
                  "subnet-75144e08"
                ],
                "vpc_id": "vpc-6412160f"
              }
            ],
            "zonal_shift_config": []
          },
          "sensitive_attributes": [],
          "identity_schema_version": 0
        }
      ]
    },
    {
      "mode": "data",
      "type": "aws_eks_cluster",
      "name": "existing_cluster",
      "provider": "provider[\"registry.terraform.io/hashicorp/aws\"]",
      "instances": [
        {
          "schema_version": 0,
          "attributes": {
            "access_config": [
              {
                "authentication_mode": "CONFIG_MAP",
                "bootstrap_cluster_creator_admin_permissions": true
              }
            ],
            "arn": "arn:aws:eks:eu-central-1:325583868777:cluster/eksDeepDiveFrankfurt",
            "certificate_authority": [
              {
                "data": "LS0tLS1CRUdJTiBDRVJUSUZJQ0FURS0tLS0tCk1JSURCVENDQWUyZ0F3SUJBZ0lJWTRCRmFPZ3p2Ymt3RFFZSktvWklodmNOQVFFTEJRQXdGVEVUTUJFR0ExVUUKQXhNS2EzVmlaWEp1WlhSbGN6QWVGdzB5TlRFd01UTXdNREV4TkRkYUZ3MHpOVEV3TVRFd01ERTJORGRhTUJVeApFekFSQmdOVkJBTVRDbXQxWW1WeWJtVjBaWE13Z2dFaU1BMEdDU3FHU0liM0RRRUJBUVVBQTRJQkR3QXdnZ0VLCkFvSUJBUURZVXY2c3phMU9rMDJOYlFub3JQV0h2OWw2OEd1VHU1eDhvUnYweXJRQmRRTVB2RkI5cXl1bmhSWmcKOERPQ2lZNGlxbEhtK2Z6QVhQZlljRVcxYmVJWVhJYmNNZ1hKZDZDVzg1eUtMc3hDdnRPL1piQ3pWWkZ2cyt4VgpqZ1EzekxnMWlQZTBscHg4VkN4bUZ2UDkyZ3lZRGV6NEE2bGZDYk5mRGR6OVUydk9LVS81S0FVa1BqNCtZdTU5CkMzZzhla2RpTnhSVnV3bXJ3MlltaEZZOWpMNGkrc2lGR3E1eHpYRWQ0eHpHNjA3K3VML1Yyenk2eW9YeDhueCsKTzUvQVE2Wk5Hc3Z6Ly9NN2ZVcStTdDhIWFNkREhtVEEwY0ZoaUtCNytSMUttaTlpSGV6S3lRKzdnRWdSTFBUdApJSFlPdmVxbkppYTRxb1ludFVWcHB3Slc2SW9aQWdNQkFBR2pXVEJYTUE0R0ExVWREd0VCL3dRRUF3SUNwREFQCkJnTlZIUk1CQWY4RUJUQURBUUgvTUIwR0ExVWREZ1FXQkJUM01ZTURScEV1K1B6U29oT1dScGF4bVZlbzdqQVYKQmdOVkhSRUVEakFNZ2dwcmRXSmxjbTVsZEdWek1BMEdDU3FHU0liM0RRRUJDd1VBQTRJQkFRQzhYaUhnVi8zTApRek83VlhqckVleG5yNmhaRzZ6QUgycWo4aUxieFZBSElmcnZVcEJZb3N0OWV6eVoxUkpzUFZSQ0w2MHU4YVRMCkd4Y2EwdVFvK1ZNSEZlRjlEdFNac3RKdW5ldHJ0VlNlaFdMVHZUc1JCb0VWK0V4eEJ3S0ZjdWFlb3ZFQmlBaW4KeDRyalVwWHF3VU9wRE9VYWdjMXNLb2g4c3J0dmxxamYrM1dEL2wrVTdvcG1uNWw3VDBCTEpPcy9lTGdxakw0cQpMWFE4NkNDdUcxT0p3THkwTGpmU3ZOR1JscDZkblNZZURsdHNKQzJkSjBpdUtWYmRhM2E3MXFWYVpFWTZEcFgvCnpCa3RSbko5SHlVUWRtUDIvT0JVakFtN2swMjVkL3BEWi9wYk9LSDJIaVFHUFFRajhCOEF2WHBFNWt5VEQ4cXIKMTA3TndFNWk3ZTRjCi0tLS0tRU5EIENFUlRJRklDQVRFLS0tLS0K"
              }
            ],
            "cluster_id": null,
            "compute_config": [
              {
                "enabled": false,
                "node_pools": [],
                "node_role_arn": ""
              }
            ],
            "created_at": "2025-10-13T00:11:06Z",
            "enabled_cluster_log_types": [],
            "endpoint": "https://00C95B0CDA230247FB71393CFA7CD057.gr7.eu-central-1.eks.amazonaws.com",
            "id": "eksDeepDiveFrankfurt",
            "identity": [
              {
                "oidc": [
                  {
                    "issuer": "https://oidc.eks.eu-central-1.amazonaws.com/id/00C95B0CDA230247FB71393CFA7CD057"
                  }
                ]
              }
            ],
            "kubernetes_network_config": [
              {
                "elastic_load_balancing": [
                  {
                    "enabled": false
                  }
                ],
                "ip_family": "ipv4",
                "service_ipv4_cidr": "10.100.0.0/16",
                "service_ipv6_cidr": ""
              }
            ],
            "name": "eksDeepDiveFrankfurt",
            "outpost_config": [],
            "platform_version": "eks.23",
            "remote_network_config": [],
            "role_arn": "arn:aws:iam::325583868777:role/role-for-eksDeepDiveFrankfurt-eks-cluster",
            "status": "ACTIVE",
            "storage_config": [
              {
                "block_storage": [
                  {
                    "enabled": false
                  }
                ]
              }
            ],
            "tags": {
              "Name": "eksDeepDiveFrankfurt",
              "Terraform": "true",
              "component": "cluster",
              "env": "labs",
              "part-of": "eksDeepDiveFrankfurt",
              "project": "cesar-asn"
            },
            "upgrade_policy": [
              {
                "support_type": "EXTENDED"
              }
            ],
            "version": "1.32",
            "vpc_config": [
              {
                "cluster_security_group_id": "sg-0698f55cc72173814",
                "endpoint_private_access": false,
                "endpoint_public_access": true,
                "public_access_cidrs": [
                  "0.0.0.0/0"
                ],
                "security_group_ids": [],
                "subnet_ids": [
                  "subnet-556d813f",
                  "subnet-75144e08"
                ],
                "vpc_id": "vpc-6412160f"
              }
            ],
            "zonal_shift_config": []
          },
          "sensitive_attributes": [],
          "identity_schema_version": 0
        }
      ]
    },
    {
      "mode": "data",
      "type": "aws_eks_cluster_auth",
      "name": "eks_auth",
      "provider": "provider[\"registry.terraform.io/hashicorp/aws\"]",
      "instances": [
        {
          "schema_version": 0,
          "attributes": {
            "id": "eksDeepDiveFrankfurt",
            "name": "eksDeepDiveFrankfurt",
            "token": "k8s-aws-v1.aHR0cHM6Ly9zdHMuZXUtY2VudHJhbC0xLmFtYXpvbmF3cy5jb20vP0FjdGlvbj1HZXRDYWxsZXJJZGVudGl0eSZWZXJzaW9uPTIwMTEtMDYtMTUmWC1BbXotQWxnb3JpdGhtPUFXUzQtSE1BQy1TSEEyNTYmWC1BbXotQ3JlZGVudGlhbD1BS0lBVVhUU1BTTlVUVjJTREpWMyUyRjIwMjUxMDE4JTJGZXUtY2VudHJhbC0xJTJGc3RzJTJGYXdzNF9yZXF1ZXN0JlgtQW16LURhdGU9MjAyNTEwMThUMDAwMDE3WiZYLUFtei1FeHBpcmVzPTAmWC1BbXotU2lnbmVkSGVhZGVycz1ob3N0JTNCeC1rOHMtYXdzLWlkJlgtQW16LVNpZ25hdHVyZT04ZGJkN2VhMDY1ZmI0YWRiZTZmNTc3NGFlNGY5YTY4NmMyNjE2MzcwZTkzOGZiYWM5NGUzZTEzN2I0MTIxYmZl"
          },
          "sensitive_attributes": [
            [
              {
                "type": "get_attr",
                "value": "token"
              }
            ]
          ],
          "identity_schema_version": 0
        }
      ]
    },
    {
      "mode": "data",
      "type": "aws_iam_role",
      "name": "existing_node_role",
      "provider": "provider[\"registry.terraform.io/hashicorp/aws\"]",
      "instances": [
        {
          "schema_version": 0,
          "attributes": {
            "arn": "arn:aws:iam::325583868777:role/role-for-nodegroup-eksDeepDiveFrankfurt",
            "assume_role_policy": "{\"Version\":\"2012-10-17\",\"Statement\":[{\"Effect\":\"Allow\",\"Principal\":{\"Service\":\"ec2.amazonaws.com\"},\"Action\":\"sts:AssumeRole\"}]}",
            "create_date": "2025-10-13T00:10:57Z",
            "description": "",
            "id": "role-for-nodegroup-eksDeepDiveFrankfurt",
            "max_session_duration": 3600,
            "name": "role-for-nodegroup-eksDeepDiveFrankfurt",
            "path": "/",
            "permissions_boundary": "",
            "role_last_used": [
              {
                "last_used_date": "2025-10-17T23:49:45Z",
                "region": "eu-central-1"
              }
            ],
            "tags": {
              "Terraform": "true",
              "component": "iam",
              "env": "labs",
              "part-of": "eksDeepDiveFrankfurt",
              "project": "cesar-asn"
            },
            "unique_id": "AROAUXTSPSNURQ4ROGR43"
          },
          "sensitive_attributes": [],
          "identity_schema_version": 0
        }
      ]
    },
    {
      "mode": "data",
      "type": "aws_security_group",
      "name": "existing_sg",
      "provider": "provider[\"registry.terraform.io/hashicorp/aws\"]",
      "instances": [
        {
          "schema_version": 0,
          "attributes": {
            "arn": "arn:aws:ec2:eu-central-1:325583868777:security-group/sg-0698f55cc72173814",
            "description": "EKS created security group applied to ENI that is attached to EKS Control Plane master nodes, as well as any managed workloads.",
            "filter": null,
            "id": "sg-0698f55cc72173814",
            "name": "eks-cluster-sg-eksDeepDiveFrankfurt-1978535350",
            "tags": {
              "Name": "eks-cluster-sg-eksDeepDiveFrankfurt-1978535350",
              "kubernetes.io/cluster/eksDeepDiveFrankfurt": "owned"
            },
            "timeouts": null,
            "vpc_id": "vpc-6412160f"
          },
          "sensitive_attributes": [],
          "identity_schema_version": 0
        }
      ]
    },
    {
      "mode": "data",
      "type": "aws_subnets",
      "name": "existing_subnets",
      "provider": "provider[\"registry.terraform.io/hashicorp/aws\"]",
      "instances": [
        {
          "schema_version": 0,
          "attributes": {
            "filter": [
              {
                "name": "vpc-id",
                "values": [
                  "vpc-6412160f"
                ]
              }
            ],
            "id": "eu-central-1",
            "ids": [
              "subnet-556d813f",
              "subnet-ea81afa7",
              "subnet-75144e08"
            ],
            "tags": null,
            "timeouts": null
          },
          "sensitive_attributes": [],
          "identity_schema_version": 0
        }
      ]
    },
    {
      "mode": "data",
      "type": "aws_vpc",
      "name": "existing_vpc",
      "provider": "provider[\"registry.terraform.io/hashicorp/aws\"]",
      "instances": [
        {
          "schema_version": 0,
          "attributes": {
            "arn": "arn:aws:ec2:eu-central-1:325583868777:vpc/vpc-6412160f",
            "cidr_block": "172.31.0.0/16",
            "cidr_block_associations": [
              {
                "association_id": "vpc-cidr-assoc-832632eb",
                "cidr_block": "172.31.0.0/16",
                "state": "associated"
              }
            ],
            "default": true,
            "dhcp_options_id": "dopt-f5cfcb9e",
            "enable_dns_hostnames": true,
            "enable_dns_support": true,
            "enable_network_address_usage_metrics": false,
            "filter": null,
            "id": "vpc-6412160f",
            "instance_tenancy": "default",
            "ipv6_association_id": "",
            "ipv6_cidr_block": "",
            "main_route_table_id": "rtb-9c6bd5f6",
            "owner_id": "325583868777",
            "state": null,
            "tags": {
              "Name": "myvpc-cdcp"
            },
            "timeouts": null
          },
          "sensitive_attributes": [],
          "identity_schema_version": 0
        }
      ]
    },
    {
      "mode": "managed",
      "type": "aws_eks_node_group",
      "name": "todo_app_node_group",
      "provider": "provider[\"registry.terraform.io/hashicorp/aws\"]",
      "instances": [
        {
          "schema_version": 0,
          "attributes": {
            "ami_type": "AL2023_x86_64_STANDARD",
            "arn": "arn:aws:eks:eu-central-1:325583868777:nodegroup/eksDeepDiveFrankfurt/lmf-hcmr-node-group/c0ccfa4f-0e75-1f65-8dd5-3fea08aabb96",
            "capacity_type": "ON_DEMAND",
            "cluster_name": "eksDeepDiveFrankfurt",
            "disk_size": 20,
            "force_update_version": null,
            "id": "eksDeepDiveFrankfurt:lmf-hcmr-node-group",
            "instance_types": [
              "t3.small"
            ],
            "labels": null,
            "launch_template": [],
            "node_group_name": "lmf-hcmr-node-group",
            "node_group_name_prefix": "",
            "node_repair_config": [],
            "node_role_arn": "arn:aws:iam::325583868777:role/role-for-nodegroup-eksDeepDiveFrankfurt",
            "release_version": "1.32.9-20251007",
            "remote_access": [],
            "resources": [
              {
                "autoscaling_groups": [
                  {
                    "name": "eks-lmf-hcmr-node-group-c0ccfa4f-0e75-1f65-8dd5-3fea08aabb96"
                  }
                ],
                "remote_access_security_group_id": ""
              }
            ],
            "scaling_config": [
              {
                "desired_size": 1,
                "max_size": 2,
                "min_size": 1
              }
            ],
            "status": "ACTIVE",
            "subnet_ids": [
              "subnet-556d813f",
              "subnet-75144e08"
            ],
            "tags": {
              "Environment": "production",
              "Name": "lmf-hcmr-node-group",
              "Project": "todo-app"
            },
            "tags_all": {
              "Environment": "production",
              "Name": "lmf-hcmr-node-group",
              "Project": "todo-app"
            },
            "taint": [],
            "timeouts": null,
            "update_config": [
              {
                "max_unavailable": 0,
                "max_unavailable_percentage": 25
              }
            ],
            "version": "1.32"
          },
          "sensitive_attributes": [],
          "identity_schema_version": 0,
          "private": "eyJlMmJmYjczMC1lY2FhLTExZTYtOGY4OC0zNDM2M2JjN2M0YzAiOnsiY3JlYXRlIjozNjAwMDAwMDAwMDAwLCJkZWxldGUiOjM2MDAwMDAwMDAwMDAsInVwZGF0ZSI6MzYwMDAwMDAwMDAwMH19",
          "dependencies": [
            "data.aws_iam_role.existing_node_role"
          ]
        }
      ]
    }
  ],
  "check_results": [
    {
      "object_kind": "var",
      "config_addr": "var.region",
      "status": "pass",
      "objects": [
        {
          "object_addr": "var.region",
          "status": "pass"
        }
      ]
    }
  ]
}
